
Microsoft Visual Studio Solution File, Format Version 12.00
# Visual Studio 15
VisualStudioVersion = 15.0.28307.271
MinimumVisualStudioVersion = 10.0.40219.1
Project("{2150E333-8FDC-42A3-9474-1A3956D46DE8}") = "Libraries", "Libraries", "{D29B9B92-8678-4877-9E45-B498A7F8F1A8}"
EndProject
Project("{2150E333-8FDC-42A3-9474-1A3956D46DE8}") = "Plugins", "Plugins", "{0B92183A-A969-463E-9D53-D620852142A1}"
	ProjectSection(SolutionItems) = preProject
		Plugins\_TODO.txt = Plugins\_TODO.txt
	EndProjectSection
EndProject
Project("{2150E333-8FDC-42A3-9474-1A3956D46DE8}") = "Presentations", "Presentations", "{7FB1BA13-EEAE-460C-8539-A2CAE3663449}"
EndProject
Project("{2150E333-8FDC-42A3-9474-1A3956D46DE8}") = "Tests", "Tests", "{EE7BF236-2E9A-49EA-8BA6-5A8C652A43A5}"
	ProjectSection(SolutionItems) = preProject
		Tests\_TODO.txt = Tests\_TODO.txt
	EndProjectSection
EndProject
Project("{9A19103F-16F7-4668-BE54-9A1E7A4F7556}") = "Registry.Core", "Libraries\Registry.Core\Registry.Core.csproj", "{B734CE43-6B81-4E22-A213-C951F9543DEC}"
EndProject
Project("{9A19103F-16F7-4668-BE54-9A1E7A4F7556}") = "Registry.Data", "Libraries\Registry.Data\Registry.Data.csproj", "{9F82FF4E-43C6-4C91-9D15-8DF3BC8363E1}"
EndProject
Project("{9A19103F-16F7-4668-BE54-9A1E7A4F7556}") = "Registry.Services", "Libraries\Registry.Services\Registry.Services.csproj", "{78AC7770-4744-4711-9453-3FAF6D943C65}"
EndProject
Project("{9A19103F-16F7-4668-BE54-9A1E7A4F7556}") = "Registry.Api", "Presentations\Registry.Api\Registry.Api.csproj", "{FEEFA282-FC5B-4B86-9F73-F253FCBAAA54}"
EndProject
Project("{FAE04EC0-301F-11D3-BF4B-00C04F79EFBC}") = "Registry.Web", "Presentations\Registry.Web\Registry.Web.csproj", "{62254EF1-6F35-4EAA-A953-FF5839B5BB9B}"
EndProject
Global
	GlobalSection(SolutionConfigurationPlatforms) = preSolution
		Debug|Any CPU = Debug|Any CPU
		Release|Any CPU = Release|Any CPU
	EndGlobalSection
	GlobalSection(ProjectConfigurationPlatforms) = postSolution
		{B734CE43-6B81-4E22-A213-C951F9543DEC}.Debug|Any CPU.ActiveCfg = Debug|Any CPU
		{B734CE43-6B81-4E22-A213-C951F9543DEC}.Debug|Any CPU.Build.0 = Debug|Any CPU
		{B734CE43-6B81-4E22-A213-C951F9543DEC}.Release|Any CPU.ActiveCfg = Release|Any CPU
		{B734CE43-6B81-4E22-A213-C951F9543DEC}.Release|Any CPU.Build.0 = Release|Any CPU
		{9F82FF4E-43C6-4C91-9D15-8DF3BC8363E1}.Debug|Any CPU.ActiveCfg = Debug|Any CPU
		{9F82FF4E-43C6-4C91-9D15-8DF3BC8363E1}.Debug|Any CPU.Build.0 = Debug|Any CPU
		{9F82FF4E-43C6-4C91-9D15-8DF3BC8363E1}.Release|Any CPU.ActiveCfg = Release|Any CPU
		{9F82FF4E-43C6-4C91-9D15-8DF3BC8363E1}.Release|Any CPU.Build.0 = Release|Any CPU
		{78AC7770-4744-4711-9453-3FAF6D943C65}.Debug|Any CPU.ActiveCfg = Debug|Any CPU
		{78AC7770-4744-4711-9453-3FAF6D943C65}.Debug|Any CPU.Build.0 = Debug|Any CPU
		{78AC7770-4744-4711-9453-3FAF6D943C65}.Release|Any CPU.ActiveCfg = Release|Any CPU
		{78AC7770-4744-4711-9453-3FAF6D943C65}.Release|Any CPU.Build.0 = Release|Any CPU
		{FEEFA282-FC5B-4B86-9F73-F253FCBAAA54}.Debug|Any CPU.ActiveCfg = Debug|Any CPU
		{FEEFA282-FC5B-4B86-9F73-F253FCBAAA54}.Debug|Any CPU.Build.0 = Debug|Any CPU
		{FEEFA282-FC5B-4B86-9F73-F253FCBAAA54}.Release|Any CPU.ActiveCfg = Release|Any CPU
		{FEEFA282-FC5B-4B86-9F73-F253FCBAAA54}.Release|Any CPU.Build.0 = Release|Any CPU
		{62254EF1-6F35-4EAA-A953-FF5839B5BB9B}.Debug|Any CPU.ActiveCfg = Debug|Any CPU
		{62254EF1-6F35-4EAA-A953-FF5839B5BB9B}.Debug|Any CPU.Build.0 = Debug|Any CPU
		{62254EF1-6F35-4EAA-A953-FF5839B5BB9B}.Release|Any CPU.ActiveCfg = Release|Any CPU
		{62254EF1-6F35-4EAA-A953-FF5839B5BB9B}.Release|Any CPU.Build.0 = Release|Any CPU
	EndGlobalSection
	GlobalSection(SolutionProperties) = preSolution
		HideSolutionNode = FALSE
	EndGlobalSection
	GlobalSection(NestedProjects) = preSolution
		{B734CE43-6B81-4E22-A213-C951F9543DEC} = {D29B9B92-8678-4877-9E45-B498A7F8F1A8}
		{9F82FF4E-43C6-4C91-9D15-8DF3BC8363E1} = {D29B9B92-8678-4877-9E45-B498A7F8F1A8}
		{78AC7770-4744-4711-9453-3FAF6D943C65} = {D29B9B92-8678-4877-9E45-B498A7F8F1A8}
		{FEEFA282-FC5B-4B86-9F73-F253FCBAAA54} = {7FB1BA13-EEAE-460C-8539-A2CAE3663449}
		{62254EF1-6F35-4EAA-A953-FF5839B5BB9B} = {7FB1BA13-EEAE-460C-8539-A2CAE3663449}
	EndGlobalSection
	GlobalSection(ExtensibilityGlobals) = postSolution
		SolutionGuid = {534C1809-D17F-4B47-91BB-B28AB56887A2}
	EndGlobalSection
EndGlobal
